// !$*UTF8*$!
{
	archiveVersion = 1;
	classes = {
	};
	objectVersion = 52;
	objects = {

/* Begin PBXBuildFile section */
		13ACE7BA2452B3530051FBAC /* AppDelegate.swift in Sources */ = {isa = PBXBuildFile; fileRef = 13ACE7B92452B3530051FBAC /* AppDelegate.swift */; };
		13ACE7BC2452B3530051FBAC /* SceneDelegate.swift in Sources */ = {isa = PBXBuildFile; fileRef = 13ACE7BB2452B3530051FBAC /* SceneDelegate.swift */; };
		13ACE7BE2452B3530051FBAC /* ContentView.swift in Sources */ = {isa = PBXBuildFile; fileRef = 13ACE7BD2452B3530051FBAC /* ContentView.swift */; };
		13ACE7C02452B3540051FBAC /* Assets.xcassets in Resources */ = {isa = PBXBuildFile; fileRef = 13ACE7BF2452B3540051FBAC /* Assets.xcassets */; };
		13ACE7C32452B3540051FBAC /* Preview Assets.xcassets in Resources */ = {isa = PBXBuildFile; fileRef = 13ACE7C22452B3540051FBAC /* Preview Assets.xcassets */; };
		13ACE7C62452B3540051FBAC /* LaunchScreen.storyboard in Resources */ = {isa = PBXBuildFile; fileRef = 13ACE7C42452B3540051FBAC /* LaunchScreen.storyboard */; };
		13ACE7D02452B3CE0051FBAC /* Charts in Frameworks */ = {isa = PBXBuildFile; productRef = 13ACE7CF2452B3CE0051FBAC /* Charts */; };
/* End PBXBuildFile section */

/* Begin PBXFileReference section */
		13ACE7B62452B3530051FBAC /* MobilityTrends.app */ = {isa = PBXFileReference; explicitFileType = wrapper.application; includeInIndex = 0; path = MobilityTrends.app; sourceTree = BUILT_PRODUCTS_DIR; };
		13ACE7B92452B3530051FBAC /* AppDelegate.swift */ = {isa = PBXFileReference; lastKnownFileType = sourcecode.swift; path = AppDelegate.swift; sourceTree = "<group>"; };
		13ACE7BB2452B3530051FBAC /* SceneDelegate.swift */ = {isa = PBXFileReference; lastKnownFileType = sourcecode.swift; path = SceneDelegate.swift; sourceTree = "<group>"; };
		13ACE7BD2452B3530051FBAC /* ContentView.swift */ = {isa = PBXFileReference; lastKnownFileType = sourcecode.swift; path = ContentView.swift; sourceTree = "<group>"; };
		13ACE7BF2452B3540051FBAC /* Assets.xcassets */ = {isa = PBXFileReference; lastKnownFileType = folder.assetcatalog; path = Assets.xcassets; sourceTree = "<group>"; };
		13ACE7C22452B3540051FBAC /* Preview Assets.xcassets */ = {isa = PBXFileReference; lastKnownFileType = folder.assetcatalog; path = "Preview Assets.xcassets"; sourceTree = "<group>"; };
		13ACE7C52452B3540051FBAC /* Base */ = {isa = PBXFileReference; lastKnownFileType = file.storyboard; name = Base; path = Base.lproj/LaunchScreen.storyboard; sourceTree = "<group>"; };
		13ACE7C72452B3540051FBAC /* Info.plist */ = {isa = PBXFileReference; lastKnownFileType = text.plist.xml; path = Info.plist; sourceTree = "<group>"; };
/* End PBXFileReference section */

/* Begin PBXFrameworksBuildPhase section */
		13ACE7B32452B3530051FBAC /* Frameworks */ = {
			isa = PBXFrameworksBuildPhase;
			buildActionMask = 2147483647;
			files = (
				13ACE7D02452B3CE0051FBAC /* Charts in Frameworks */,
			);
			runOnlyForDeploymentPostprocessing = 0;
		};
/* End PBXFrameworksBuildPhase section */

/* Begin PBXGroup section */
		13ACE7AD2452B3530051FBAC = {
			isa = PBXGroup;
			children = (
				13ACE7B82452B3530051FBAC /* MobilityTrends */,
				13ACE7B72452B3530051FBAC /* Products */,
			);
			sourceTree = "<group>";
		};
		13ACE7B72452B3530051FBAC /* Products */ = {
			isa = PBXGroup;
			children = (
				13ACE7B62452B3530051FBAC /* MobilityTrends.app */,
			);
			name = Products;
			sourceTree = "<group>";
		};
		13ACE7B82452B3530051FBAC /* MobilityTrends */ = {
			isa = PBXGroup;
			children = (
				13ACE7B92452B3530051FBAC /* AppDelegate.swift */,
				13ACE7BB2452B3530051FBAC /* SceneDelegate.swift */,
				13ACE7BD2452B3530051FBAC /* ContentView.swift */,
				13ACE7CD2452B36C0051FBAC /* Supporting Files */,
				13ACE7C12452B3540051FBAC /* Preview Content */,
			);
			path = MobilityTrends;
			sourceTree = "<group>";
		};
		13ACE7C12452B3540051FBAC /* Preview Content */ = {
			isa = PBXGroup;
			children = (
				13ACE7C22452B3540051FBAC /* Preview Assets.xcassets */,
			);
			path = "Preview Content";
			sourceTree = "<group>";
		};
		13ACE7CD2452B36C0051FBAC /* Supporting Files */ = {
			isa = PBXGroup;
			children = (
				13ACE7BF2452B3540051FBAC /* Assets.xcassets */,
				13ACE7C42452B3540051FBAC /* LaunchScreen.storyboard */,
				13ACE7C72452B3540051FBAC /* Info.plist */,
			);
			name = "Supporting Files";
			sourceTree = "<group>";
		};
/* End PBXGroup section */

/* Begin PBXNativeTarget section */
		13ACE7B52452B3530051FBAC /* MobilityTrends */ = {
			isa = PBXNativeTarget;
			buildConfigurationList = 13ACE7CA2452B3540051FBAC /* Build configuration list for PBXNativeTarget "MobilityTrends" */;
			buildPhases = (
				13ACE7B22452B3530051FBAC /* Sources */,
				13ACE7B32452B3530051FBAC /* Frameworks */,
				13ACE7B42452B3530051FBAC /* Resources */,
			);
			buildRules = (
			);
			dependencies = (
			);
			name = MobilityTrends;
			packageProductDependencies = (
				13ACE7CF2452B3CE0051FBAC /* Charts */,
			);
			productName = MobilityTrends;
			productReference = 13ACE7B62452B3530051FBAC /* MobilityTrends.app */;
			productType = "com.apple.product-type.application";
		};
/* End PBXNativeTarget section */

/* Begin PBXProject section */
		13ACE7AE2452B3530051FBAC /* Project object */ = {
			isa = PBXProject;
			attributes = {
				LastSwiftUpdateCheck = 1140;
				LastUpgradeCheck = 1140;
				ORGANIZATIONNAME = "Watanabe Toshinori";
				TargetAttributes = {
					13ACE7B52452B3530051FBAC = {
						CreatedOnToolsVersion = 11.4;
					};
				};
			};
			buildConfigurationList = 13ACE7B12452B3530051FBAC /* Build configuration list for PBXProject "MobilityTrends" */;
			compatibilityVersion = "Xcode 9.3";
			developmentRegion = en;
			hasScannedForEncodings = 0;
			knownRegions = (
				en,
				Base,
			);
			mainGroup = 13ACE7AD2452B3530051FBAC;
			packageReferences = (
				13ACE7CE2452B3CE0051FBAC /* XCRemoteSwiftPackageReference "Charts" */,
			);
			productRefGroup = 13ACE7B72452B3530051FBAC /* Products */;
			projectDirPath = "";
			projectRoot = "";
			targets = (
				13ACE7B52452B3530051FBAC /* MobilityTrends */,
			);
		};
/* End PBXProject section */

/* Begin PBXResourcesBuildPhase section */
		13ACE7B42452B3530051FBAC /* Resources */ = {
			isa = PBXResourcesBuildPhase;
			buildActionMask = 2147483647;
			files = (
				13ACE7C62452B3540051FBAC /* LaunchScreen.storyboard in Resources */,
				13ACE7C32452B3540051FBAC /* Preview Assets.xcassets in Resources */,
				13ACE7C02452B3540051FBAC /* Assets.xcassets in Resources */,
			);
			runOnlyForDeploymentPostprocessing = 0;
		};
/* End PBXResourcesBuildPhase section */

/* Begin PBXSourcesBuildPhase section */
		13ACE7B22452B3530051FBAC /* Sources */ = {
			isa = PBXSourcesBuildPhase;
			buildActionMask = 2147483647;
			files = (
				13ACE7BA2452B3530051FBAC /* AppDelegate.swift in Sources */,
				13ACE7BC2452B3530051FBAC /* SceneDelegate.swift in Sources */,
				13ACE7BE2452B3530051FBAC /* ContentView.swift in Sources */,
			);
			runOnlyForDeploymentPostprocessing = 0;
		};
/* End PBXSourcesBuildPhase section */

/* Begin PBXVariantGroup section */
		13ACE7C42452B3540051FBAC /* LaunchScreen.storyboard */ = {
			isa = PBXVariantGroup;
			children = (
				13ACE7C52452B3540051FBAC /* Base */,
			);
			name = LaunchScreen.storyboard;
			sourceTree = "<group>";
		};
/* End PBXVariantGroup section */

/* Begin XCBuildConfiguration section */
		13ACE7C82452B3540051FBAC /* Debug */ = {
			isa = XCBuildConfiguration;
			buildSettings = {
				ALWAYS_SEARCH_USER_PATHS = NO;
				CLANG_ANALYZER_NONNULL = YES;
				CLANG_ANALYZER_NUMBER_OBJECT_CONVERSION = YES_AGGRESSIVE;
				CLANG_CXX_LANGUAGE_STANDARD = "gnu++14";
				CLANG_CXX_LIBRARY = "libc++";
				CLANG_ENABLE_MODULES = YES;
				CLANG_ENABLE_OBJC_ARC = YES;
				CLANG_ENABLE_OBJC_WEAK = YES;
				CLANG_WARN_BLOCK_CAPTURE_AUTORELEASING = YES;
				CLANG_WARN_BOOL_CONVERSION = YES;
				CLANG_WARN_COMMA = YES;
				CLANG_WARN_CONSTANT_CONVERSION = YES;
				CLANG_WARN_DEPRECATED_OBJC_IMPLEMENTATIONS = YES;
				CLANG_WARN_DIRECT_OBJC_ISA_USAGE = YES_ERROR;
				CLANG_WARN_DOCUMENTATION_COMMENTS = YES;
				CLANG_WARN_EMPTY_BODY = YES;
				CLANG_WARN_ENUM_CONVERSION = YES;
				CLANG_WARN_INFINITE_RECURSION = YES;
				CLANG_WARN_INT_CONVERSION = YES;
				CLANG_WARN_NON_LITERAL_NULL_CONVERSION = YES;
				CLANG_WARN_OBJC_IMPLICIT_RETAIN_SELF = YES;
				CLANG_WARN_OBJC_LITERAL_CONVERSION = YES;
				CLANG_WARN_OBJC_ROOT_CLASS = YES_ERROR;
				CLANG_WARN_RANGE_LOOP_ANALYSIS = YES;
				CLANG_WARN_STRICT_PROTOTYPES = YES;
				CLANG_WARN_SUSPICIOUS_MOVE = YES;
				CLANG_WARN_UNGUARDED_AVAILABILITY = YES_AGGRESSIVE;
				CLANG_WARN_UNREACHABLE_CODE = YES;
				CLANG_WARN__DUPLICATE_METHOD_MATCH = YES;
				COPY_PHASE_STRIP = NO;
				DEBUG_INFORMATION_FORMAT = dwarf;
				ENABLE_STRICT_OBJC_MSGSEND = YES;
				ENABLE_TESTABILITY = YES;
				GCC_C_LANGUAGE_STANDARD = gnu11;
				GCC_DYNAMIC_NO_PIC = NO;
				GCC_NO_COMMON_BLOCKS = YES;
				GCC_OPTIMIZATION_LEVEL = 0;
				GCC_PREPROCESSOR_DEFINITIONS = (
					"DEBUG=1",
					"$(inherited)",
				);
				GCC_WARN_64_TO_32_BIT_CONVERSION = YES;
				GCC_WARN_ABOUT_RETURN_TYPE = YES_ERROR;
				GCC_WARN_UNDECLARED_SELECTOR = YES;
				GCC_WARN_UNINITIALIZED_AUTOS = YES_AGGRESSIVE;
				GCC_WARN_UNUSED_FUNCTION = YES;
				GCC_WARN_UNUSED_VARIABLE = YES;
				IPHONEOS_DEPLOYMENT_TARGET = 13.4;
				MTL_ENABLE_DEBUG_INFO = INCLUDE_SOURCE;
				MTL_FAST_MATH = YES;
				ONLY_ACTIVE_ARCH = YES;
				SDKROOT = iphoneos;
				SWIFT_ACTIVE_COMPILATION_CONDITIONS = DEBUG;
				SWIFT_OPTIMIZATION_LEVEL = "-Onone";
			};
			name = Debug;
		};
		13ACE7C92452B3540051FBAC /* Release */ = {
			isa = XCBuildConfiguration;
			buildSettings = {
				ALWAYS_SEARCH_USER_PATHS = NO;
				CLANG_ANALYZER_NONNULL = YES;
				CLANG_ANALYZER_NUMBER_OBJECT_CONVERSION = YES_AGGRESSIVE;
				CLANG_CXX_LANGUAGE_STANDARD = "gnu++14";
				CLANG_CXX_LIBRARY = "libc++";
				CLANG_ENABLE_MODULES = YES;
				CLANG_ENABLE_OBJC_ARC = YES;
				CLANG_ENABLE_OBJC_WEAK = YES;
				CLANG_WARN_BLOCK_CAPTURE_AUTORELEASING = YES;
				CLANG_WARN_BOOL_CONVERSION = YES;
				CLANG_WARN_COMMA = YES;
				CLANG_WARN_CONSTANT_CONVERSION = YES;
				CLANG_WARN_DEPRECATED_OBJC_IMPLEMENTATIONS = YES;
				CLANG_WARN_DIRECT_OBJC_ISA_USAGE = YES_ERROR;
				CLANG_WARN_DOCUMENTATION_COMMENTS = YES;
				CLANG_WARN_EMPTY_BODY = YES;
				CLANG_WARN_ENUM_CONVERSION = YES;
				CLANG_WARN_INFINITE_RECURSION = YES;
				CLANG_WARN_INT_CONVERSION = YES;
				CLANG_WARN_NON_LITERAL_NULL_CONVERSION = YES;
				CLANG_WARN_OBJC_IMPLICIT_RETAIN_SELF = YES;
				CLANG_WARN_OBJC_LITERAL_CONVERSION = YES;
				CLANG_WARN_OBJC_ROOT_CLASS = YES_ERROR;
				CLANG_WARN_RANGE_LOOP_ANALYSIS = YES;
				CLANG_WARN_STRICT_PROTOTYPES = YES;
				CLANG_WARN_SUSPICIOUS_MOVE = YES;
				CLANG_WARN_UNGUARDED_AVAILABILITY = YES_AGGRESSIVE;
				CLANG_WARN_UNREACHABLE_CODE = YES;
				CLANG_WARN__DUPLICATE_METHOD_MATCH = YES;
				COPY_PHASE_STRIP = NO;
				DEBUG_INFORMATION_FORMAT = "dwarf-with-dsym";
				ENABLE_NS_ASSERTIONS = NO;
				ENABLE_STRICT_OBJC_MSGSEND = YES;
				GCC_C_LANGUAGE_STANDARD = gnu11;
				GCC_NO_COMMON_BLOCKS = YES;
				GCC_WARN_64_TO_32_BIT_CONVERSION = YES;
				GCC_WARN_ABOUT_RETURN_TYPE = YES_ERROR;
				GCC_WARN_UNDECLARED_SELECTOR = YES;
				GCC_WARN_UNINITIALIZED_AUTOS = YES_AGGRESSIVE;
				GCC_WARN_UNUSED_FUNCTION = YES;
				GCC_WARN_UNUSED_VARIABLE = YES;
				IPHONEOS_DEPLOYMENT_TARGET = 13.4;
				MTL_ENABLE_DEBUG_INFO = NO;
				MTL_FAST_MATH = YES;
				SDKROOT = iphoneos;
				SWIFT_COMPILATION_MODE = wholemodule;
				SWIFT_OPTIMIZATION_LEVEL = "-O";
				VALIDATE_PRODUCT = YES;
			};
			name = Release;
		};
		13ACE7CB2452B3540051FBAC /* Debug */ = {
			isa = XCBuildConfiguration;
			buildSettings = {
				ASSETCATALOG_COMPILER_APPICON_NAME = AppIcon;
				CODE_SIGN_STYLE = Automatic;
				DEVELOPMENT_ASSET_PATHS = "\"MobilityTrends/Preview Content\"";
				ENABLE_PREVIEWS = YES;
				INFOPLIST_FILE = MobilityTrends/Info.plist;
				LD_RUNPATH_SEARCH_PATHS = (
					"$(inherited)",
					"@executable_path/Frameworks",
				);
				MARKETING_VERSION = 1.0.0;
				PRODUCT_BUNDLE_IDENTIFIER = dev.yourcompany.MobilityTrends;
				PRODUCT_NAME = "$(TARGET_NAME)";
				SWIFT_VERSION = 5.0;
				TARGETED_DEVICE_FAMILY = "1,2";
			};
			name = Debug;
		};
		13ACE7CC2452B3540051FBAC /* Release */ = {
			isa = XCBuildConfiguration;
			buildSettings = {
				ASSETCATALOG_COMPILER_APPICON_NAME = AppIcon;
				CODE_SIGN_STYLE = Automatic;
				DEVELOPMENT_ASSET_PATHS = "\"MobilityTrends/Preview Content\"";
				ENABLE_PREVIEWS = YES;
				INFOPLIST_FILE = MobilityTrends/Info.plist;
				LD_RUNPATH_SEARCH_PATHS = (
					"$(inherited)",
					"@executable_path/Frameworks",
				);
				MARKETING_VERSION = 1.0.0;
				PRODUCT_BUNDLE_IDENTIFIER = dev.yourcompany.MobilityTrends;
				PRODUCT_NAME = "$(TARGET_NAME)";
				SWIFT_VERSION = 5.0;
				TARGETED_DEVICE_FAMILY = "1,2";
			};
			name = Release;
		};
/* End XCBuildConfiguration section */

/* Begin XCConfigurationList section */
		13ACE7B12452B3530051FBAC /* Build configuration list for PBXProject "MobilityTrends" */ = {
			isa = XCConfigurationList;
			buildConfigurations = (
				13ACE7C82452B3540051FBAC /* Debug */,
				13ACE7C92452B3540051FBAC /* Release */,
			);
			defaultConfigurationIsVisible = 0;
			defaultConfigurationName = Release;
		};
		13ACE7CA2452B3540051FBAC /* Build configuration list for PBXNativeTarget "MobilityTrends" */ = {
			isa = XCConfigurationList;
			buildConfigurations = (
				13ACE7CB2452B3540051FBAC /* Debug */,
				13ACE7CC2452B3540051FBAC /* Release */,
			);
			defaultConfigurationIsVisible = 0;
			defaultConfigurationName = Release;
		};
/* End XCConfigurationList section */

/* Begin XCRemoteSwiftPackageReference section */
		13ACE7CE2452B3CE0051FBAC /* XCRemoteSwiftPackageReference "Charts" */ = {
			isa = XCRemoteSwiftPackageReference;
			repositoryURL = "https://github.com/danielgindi/Charts.git";
			requirement = {
				kind = upToNextMajorVersion;
				minimumVersion = 3.5.0;
			};
		};
/* End XCRemoteSwiftPackageReference section */

/* Begin XCSwiftPackageProductDependency section */
		13ACE7CF2452B3CE0051FBAC /* Charts */ = {
			isa = XCSwiftPackageProductDependency;
			package = 13ACE7CE2452B3CE0051FBAC /* XCRemoteSwiftPackageReference "Charts" */;
			productName = Charts;
		};
/* End XCSwiftPackageProductDependency section */
	};
	rootObject = 13ACE7AE2452B3530051FBAC /* Project object */;
}
